
Microsoft Visual Studio Solution File, Format Version 12.00
# Visual Studio Version 17
VisualStudioVersion = 17.8.34316.72
MinimumVisualStudioVersion = 10.0.40219.1
Project("{FAE04EC0-301F-11D3-BF4B-00C04F79EFBC}") = "DevIO.Data", "src\DevIO.Data\DevIO.Data.csproj", "{72D6B887-7CB9-4643-B960-193C1A7F5C61}"
EndProject
Project("{FAE04EC0-301F-11D3-BF4B-00C04F79EFBC}") = "DevIO.Business", "src\DevIO.Business\DevIO.Business.csproj", "{1D0B3F3A-4808-4610-A0A5-BEF364F9FB9E}"
EndProject
Global
	GlobalSection(SolutionConfigurationPlatforms) = preSolution
		Debug|Any CPU = Debug|Any CPU
		Release|Any CPU = Release|Any CPU
	EndGlobalSection
	GlobalSection(ProjectConfigurationPlatforms) = postSolution
		{72D6B887-7CB9-4643-B960-193C1A7F5C61}.Debug|Any CPU.ActiveCfg = Debug|Any CPU
		{72D6B887-7CB9-4643-B960-193C1A7F5C61}.Debug|Any CPU.Build.0 = Debug|Any CPU
		{72D6B887-7CB9-4643-B960-193C1A7F5C61}.Release|Any CPU.ActiveCfg = Release|Any CPU
		{72D6B887-7CB9-4643-B960-193C1A7F5C61}.Release|Any CPU.Build.0 = Release|Any CPU
		{1D0B3F3A-4808-4610-A0A5-BEF364F9FB9E}.Debug|Any CPU.ActiveCfg = Debug|Any CPU
		{1D0B3F3A-4808-4610-A0A5-BEF364F9FB9E}.Debug|Any CPU.Build.0 = Debug|Any CPU
		{1D0B3F3A-4808-4610-A0A5-BEF364F9FB9E}.Release|Any CPU.ActiveCfg = Release|Any CPU
		{1D0B3F3A-4808-4610-A0A5-BEF364F9FB9E}.Release|Any CPU.Build.0 = Release|Any CPU
	EndGlobalSection
	GlobalSection(SolutionProperties) = preSolution
		HideSolutionNode = FALSE
	EndGlobalSection
	GlobalSection(ExtensibilityGlobals) = postSolution
		SolutionGuid = {2A7C88A7-6B1F-4192-AD18-8B1D8983FDA5}
	EndGlobalSection
EndGlobal
